
Microsoft Visual Studio Solution File, Format Version 12.00
# Visual Studio Version 16
VisualStudioVersion = 16.0.32126.315
MinimumVisualStudioVersion = 10.0.40219.1
Project("{FAE04EC0-301F-11D3-BF4B-00C04F79EFBC}") = "Nota Kasir", "Nota Kasir.csproj", "{063457B9-1930-41D7-8B63-8A82C17B83D2}"
EndProject
Project("{FAE04EC0-301F-11D3-BF4B-00C04F79EFBC}") = "Nota KasirTests", "..\Nota KasirTests\Nota KasirTests.csproj", "{156D1EAA-3D00-48B4-92B6-97B214E766EB}"
EndProject
Global
	GlobalSection(SolutionConfigurationPlatforms) = preSolution
		Debug|Any CPU = Debug|Any CPU
		Release|Any CPU = Release|Any CPU
	EndGlobalSection
	GlobalSection(ProjectConfigurationPlatforms) = postSolution
		{063457B9-1930-41D7-8B63-8A82C17B83D2}.Debug|Any CPU.ActiveCfg = Debug|Any CPU
		{063457B9-1930-41D7-8B63-8A82C17B83D2}.Debug|Any CPU.Build.0 = Debug|Any CPU
		{063457B9-1930-41D7-8B63-8A82C17B83D2}.Release|Any CPU.ActiveCfg = Release|Any CPU
		{063457B9-1930-41D7-8B63-8A82C17B83D2}.Release|Any CPU.Build.0 = Release|Any CPU
		{156D1EAA-3D00-48B4-92B6-97B214E766EB}.Debug|Any CPU.ActiveCfg = Debug|Any CPU
		{156D1EAA-3D00-48B4-92B6-97B214E766EB}.Debug|Any CPU.Build.0 = Debug|Any CPU
		{156D1EAA-3D00-48B4-92B6-97B214E766EB}.Release|Any CPU.ActiveCfg = Release|Any CPU
		{156D1EAA-3D00-48B4-92B6-97B214E766EB}.Release|Any CPU.Build.0 = Release|Any CPU
	EndGlobalSection
	GlobalSection(SolutionProperties) = preSolution
		HideSolutionNode = FALSE
	EndGlobalSection
	GlobalSection(ExtensibilityGlobals) = postSolution
		SolutionGuid = {A31D32D5-CA5D-4DA0-9D31-6C468BB3D886}
	EndGlobalSection
EndGlobal
